
Microsoft Visual Studio Solution File, Format Version 12.00
# Visual Studio Version 16
VisualStudioVersion = 16.0.33214.272
MinimumVisualStudioVersion = 10.0.40219.1
Project("{FAE04EC0-301F-11D3-BF4B-00C04F79EFBC}") = "SmartStore.DependingPrices", "SmartStore.DependingPrices.csproj", "{F36CC18D-EA51-4B14-ADBB-25539D0DC2A3}"
EndProject
Global
	GlobalSection(SolutionConfigurationPlatforms) = preSolution
		Debug|Any CPU = Debug|Any CPU
		EFMigrations|Any CPU = EFMigrations|Any CPU
		PluginDev|Any CPU = PluginDev|Any CPU
		Release|Any CPU = Release|Any CPU
	EndGlobalSection
	GlobalSection(ProjectConfigurationPlatforms) = postSolution
		{F36CC18D-EA51-4B14-ADBB-25539D0DC2A3}.Debug|Any CPU.ActiveCfg = Debug|Any CPU
		{F36CC18D-EA51-4B14-ADBB-25539D0DC2A3}.Debug|Any CPU.Build.0 = Debug|Any CPU
		{F36CC18D-EA51-4B14-ADBB-25539D0DC2A3}.EFMigrations|Any CPU.ActiveCfg = EFMigrations|Any CPU
		{F36CC18D-EA51-4B14-ADBB-25539D0DC2A3}.EFMigrations|Any CPU.Build.0 = EFMigrations|Any CPU
		{F36CC18D-EA51-4B14-ADBB-25539D0DC2A3}.PluginDev|Any CPU.ActiveCfg = PluginDev|Any CPU
		{F36CC18D-EA51-4B14-ADBB-25539D0DC2A3}.PluginDev|Any CPU.Build.0 = PluginDev|Any CPU
		{F36CC18D-EA51-4B14-ADBB-25539D0DC2A3}.Release|Any CPU.ActiveCfg = Release|Any CPU
		{F36CC18D-EA51-4B14-ADBB-25539D0DC2A3}.Release|Any CPU.Build.0 = Release|Any CPU
	EndGlobalSection
	GlobalSection(SolutionProperties) = preSolution
		HideSolutionNode = FALSE
	EndGlobalSection
	GlobalSection(ExtensibilityGlobals) = postSolution
		SolutionGuid = {BBBEFAFA-F9F4-44CA-89E0-AF71B9A6ED5F}
	EndGlobalSection
EndGlobal
